
Microsoft Visual Studio Solution File, Format Version 12.00
# Visual Studio 15
Project("{FAE04EC0-301F-11D3-BF4B-00C04F79EFBC}") = "UnityEngine.TestRunner", "UnityEngine.TestRunner.csproj", "{2B38B401-F57C-9432-74FE-11BA05EE0375}"
EndProject
Project("{FAE04EC0-301F-11D3-BF4B-00C04F79EFBC}") = "Unity.Timeline", "Unity.Timeline.csproj", "{91F1CBD5-8346-0908-3185-129F732F2297}"
EndProject
Project("{FAE04EC0-301F-11D3-BF4B-00C04F79EFBC}") = "UnityEngine.UI", "UnityEngine.UI.csproj", "{0A9F65B3-AB87-93AE-035E-021E25A41242}"
EndProject
Project("{FAE04EC0-301F-11D3-BF4B-00C04F79EFBC}") = "Unity.TextMeshPro", "Unity.TextMeshPro.csproj", "{9201B53D-B1FA-A396-ABF4-9DA703943E0D}"
EndProject
Project("{FAE04EC0-301F-11D3-BF4B-00C04F79EFBC}") = "Unity.XR.ARFoundation", "Unity.XR.ARFoundation.csproj", "{A281A481-042E-804E-7563-CA257968C266}"
EndProject
Project("{FAE04EC0-301F-11D3-BF4B-00C04F79EFBC}") = "UnityEngine.XR.LegacyInputHelpers", "UnityEngine.XR.LegacyInputHelpers.csproj", "{3A3236FF-57C6-0160-F3EE-905CBD0297B8}"
EndProject
Project("{FAE04EC0-301F-11D3-BF4B-00C04F79EFBC}") = "Unity.XR.ARSubsystems", "Unity.XR.ARSubsystems.csproj", "{8E1C4BB8-BE15-7BBA-3751-4265F7BB35D9}"
EndProject
Project("{FAE04EC0-301F-11D3-BF4B-00C04F79EFBC}") = "Unity.Subsystem.Registration", "Unity.Subsystem.Registration.csproj", "{09F13D66-36F9-2AF1-C6E2-AC0FBC89F69C}"
EndProject
Project("{FAE04EC0-301F-11D3-BF4B-00C04F79EFBC}") = "Unity.XR.Management", "Unity.XR.Management.csproj", "{A536FC92-6799-BE6D-545B-A22A36D0F5D9}"
EndProject
Project("{FAE04EC0-301F-11D3-BF4B-00C04F79EFBC}") = "UnityEngine.SpatialTracking", "UnityEngine.SpatialTracking.csproj", "{6F486589-D72A-FB94-C8CC-B3F82221D55E}"
EndProject
Project("{FAE04EC0-301F-11D3-BF4B-00C04F79EFBC}") = "Unity.XR.ARCore", "Unity.XR.ARCore.csproj", "{DFEB5A5C-05FC-61B4-FA14-68A2FAEDDA82}"
EndProject
Project("{FAE04EC0-301F-11D3-BF4B-00C04F79EFBC}") = "Unity.XR.ARKit", "Unity.XR.ARKit.csproj", "{4F989F3B-3B77-4A7A-83F1-DC54B381AC55}"
EndProject
Project("{FAE04EC0-301F-11D3-BF4B-00C04F79EFBC}") = "NativeGallery.Runtime", "NativeGallery.Runtime.csproj", "{B698C4C6-252D-6F6F-34C6-A0ABD88EC8BF}"
EndProject
Project("{FAE04EC0-301F-11D3-BF4B-00C04F79EFBC}") = "Assembly-CSharp", "Assembly-CSharp.csproj", "{26F46991-B5C5-CC90-3EE9-3B2197585A73}"
EndProject
Project("{FAE04EC0-301F-11D3-BF4B-00C04F79EFBC}") = "UnityEditor.TestRunner", "UnityEditor.TestRunner.csproj", "{24BC8AEB-2E33-6AC6-4C1E-7DC8EF40B7B4}"
EndProject
Project("{FAE04EC0-301F-11D3-BF4B-00C04F79EFBC}") = "Unity.PlasticSCM.Editor", "Unity.PlasticSCM.Editor.csproj", "{C3F56DF2-66B8-A0C3-BA76-6F5C767B1DC2}"
EndProject
Project("{FAE04EC0-301F-11D3-BF4B-00C04F79EFBC}") = "UnityEditor.UI", "UnityEditor.UI.csproj", "{E0CC325F-136F-2598-31F2-C858D8F18064}"
EndProject
Project("{FAE04EC0-301F-11D3-BF4B-00C04F79EFBC}") = "Unity.Timeline.Editor", "Unity.Timeline.Editor.csproj", "{C241457F-3861-ADB2-61DF-610EA74A9242}"
EndProject
Project("{FAE04EC0-301F-11D3-BF4B-00C04F79EFBC}") = "Unity.VisualStudio.Editor", "Unity.VisualStudio.Editor.csproj", "{C11CC01F-21A2-442C-233F-F978DB31BB9F}"
EndProject
Project("{FAE04EC0-301F-11D3-BF4B-00C04F79EFBC}") = "Unity.TextMeshPro.Editor", "Unity.TextMeshPro.Editor.csproj", "{99DBF20A-72A4-395D-FF16-683510CF3590}"
EndProject
Project("{FAE04EC0-301F-11D3-BF4B-00C04F79EFBC}") = "Unity.CollabProxy.Editor", "Unity.CollabProxy.Editor.csproj", "{7C32BD4A-FE88-9B4A-289E-6D07C6767A06}"
EndProject
Project("{FAE04EC0-301F-11D3-BF4B-00C04F79EFBC}") = "Unity.Rider.Editor", "Unity.Rider.Editor.csproj", "{475C3258-1F8C-FF36-9E5B-6E23D6C0E553}"
EndProject
Project("{FAE04EC0-301F-11D3-BF4B-00C04F79EFBC}") = "Unity.VSCode.Editor", "Unity.VSCode.Editor.csproj", "{7054123F-C8F9-B61D-CDAC-742911475B19}"
EndProject
Project("{FAE04EC0-301F-11D3-BF4B-00C04F79EFBC}") = "Unity.XR.Management.Editor", "Unity.XR.Management.Editor.csproj", "{ED6C1995-0AFB-5607-E64D-46B7501222A7}"
EndProject
Project("{FAE04EC0-301F-11D3-BF4B-00C04F79EFBC}") = "Unity.XR.ARFoundation.Editor", "Unity.XR.ARFoundation.Editor.csproj", "{76867DF5-E6C1-36C5-5535-061A5FF983D8}"
EndProject
Project("{FAE04EC0-301F-11D3-BF4B-00C04F79EFBC}") = "UnityEditor.XR.LegacyInputHelpers", "UnityEditor.XR.LegacyInputHelpers.csproj", "{97A6A857-8F3E-F0EB-D161-A5348ED7295C}"
EndProject
Project("{FAE04EC0-301F-11D3-BF4B-00C04F79EFBC}") = "Unity.XR.ARSubsystems.Editor", "Unity.XR.ARSubsystems.Editor.csproj", "{B0965DA4-DE79-D0CE-D01E-47785036EB0D}"
EndProject
Project("{FAE04EC0-301F-11D3-BF4B-00C04F79EFBC}") = "Unity.InternalAPIEditorBridge.005", "Unity.InternalAPIEditorBridge.005.csproj", "{13A2C09C-99FC-61B9-0E90-2058D365FEEB}"
EndProject
Project("{FAE04EC0-301F-11D3-BF4B-00C04F79EFBC}") = "UnityEditor.SpatialTracking", "UnityEditor.SpatialTracking.csproj", "{6F2E3D37-A742-BBB3-D54D-8D61BE727E1C}"
EndProject
Project("{FAE04EC0-301F-11D3-BF4B-00C04F79EFBC}") = "Unity.XR.ARCore.Editor", "Unity.XR.ARCore.Editor.csproj", "{88EE2973-9716-37D3-6826-246F5320B5A9}"
EndProject
Project("{FAE04EC0-301F-11D3-BF4B-00C04F79EFBC}") = "Unity.XR.ARKit.Editor", "Unity.XR.ARKit.Editor.csproj", "{473D04BB-307F-771A-DC70-F0AE8AE2B9F8}"
EndProject
Project("{FAE04EC0-301F-11D3-BF4B-00C04F79EFBC}") = "Unity.EditorCoroutines.Editor", "Unity.EditorCoroutines.Editor.csproj", "{F5C9AAD5-5902-7F4F-EC0E-2C8F5BE36BC5}"
EndProject
Project("{FAE04EC0-301F-11D3-BF4B-00C04F79EFBC}") = "NativeGallery.Editor", "NativeGallery.Editor.csproj", "{BEF8B997-B854-254C-26B0-92FB8476828A}"
EndProject
Project("{FAE04EC0-301F-11D3-BF4B-00C04F79EFBC}") = "UnityEngine.TestRunner", "UnityEngine.TestRunner.Player.csproj", "{21598CA8-463E-D543-FECD-926831C930F9}"
EndProject
Project("{FAE04EC0-301F-11D3-BF4B-00C04F79EFBC}") = "Unity.Timeline", "Unity.Timeline.Player.csproj", "{3887A341-C42A-D7F0-0653-7CD0E4FD6614}"
EndProject
Project("{FAE04EC0-301F-11D3-BF4B-00C04F79EFBC}") = "UnityEngine.UI", "UnityEngine.UI.Player.csproj", "{FF2847C3-A8FC-A8ED-9BFA-688FB7011A79}"
EndProject
Project("{FAE04EC0-301F-11D3-BF4B-00C04F79EFBC}") = "Unity.TextMeshPro", "Unity.TextMeshPro.Player.csproj", "{7C1B0AD4-659E-228B-A294-474D35479B7C}"
EndProject
Project("{FAE04EC0-301F-11D3-BF4B-00C04F79EFBC}") = "Unity.XR.ARFoundation", "Unity.XR.ARFoundation.Player.csproj", "{C408C76C-0E49-A686-83E6-E92E9685AC80}"
EndProject
Project("{FAE04EC0-301F-11D3-BF4B-00C04F79EFBC}") = "UnityEngine.XR.LegacyInputHelpers", "UnityEngine.XR.LegacyInputHelpers.Player.csproj", "{7ED36D8B-59F0-989C-3B49-D03189948DC9}"
EndProject
Project("{FAE04EC0-301F-11D3-BF4B-00C04F79EFBC}") = "Unity.XR.ARSubsystems", "Unity.XR.ARSubsystems.Player.csproj", "{62806DF3-8DC4-979F-2EBF-9CFFEB8B823F}"
EndProject
Project("{FAE04EC0-301F-11D3-BF4B-00C04F79EFBC}") = "Unity.Subsystem.Registration", "Unity.Subsystem.Registration.Player.csproj", "{11B97174-DCE0-0759-359C-60CD3F645F03}"
EndProject
Project("{FAE04EC0-301F-11D3-BF4B-00C04F79EFBC}") = "Unity.XR.Management", "Unity.XR.Management.Player.csproj", "{58E540D1-B469-516D-BCDA-B5E7B2CE6024}"
EndProject
Project("{FAE04EC0-301F-11D3-BF4B-00C04F79EFBC}") = "UnityEngine.SpatialTracking", "UnityEngine.SpatialTracking.Player.csproj", "{098330C9-1C0F-082A-8420-D1ADCB70EB96}"
EndProject
Project("{FAE04EC0-301F-11D3-BF4B-00C04F79EFBC}") = "Unity.XR.ARCore", "Unity.XR.ARCore.Player.csproj", "{EF98C002-0251-7CA5-78F4-FF2157FEB589}"
EndProject
Project("{FAE04EC0-301F-11D3-BF4B-00C04F79EFBC}") = "NativeGallery.Runtime", "NativeGallery.Runtime.Player.csproj", "{D9F60211-9439-CE92-CBAD-966626F6C863}"
EndProject
Project("{FAE04EC0-301F-11D3-BF4B-00C04F79EFBC}") = "Assembly-CSharp", "Assembly-CSharp.Player.csproj", "{E2565544-F6EB-1658-21C2-2A77A6D7AFFC}"
EndProject
Global
	GlobalSection(SolutionConfigurationPlatforms) = preSolution
		Debug|Any CPU = Debug|Any CPU
		Release|Any CPU = Release|Any CPU
	EndGlobalSection
	GlobalSection(ProjectConfigurationPlatforms) = postSolution
		{2B38B401-F57C-9432-74FE-11BA05EE0375}.Debug|Any CPU.ActiveCfg = Debug|Any CPU
		{2B38B401-F57C-9432-74FE-11BA05EE0375}.Debug|Any CPU.Build.0 = Debug|Any CPU
		{2B38B401-F57C-9432-74FE-11BA05EE0375}.Release|Any CPU.ActiveCfg = Release|Any CPU
		{2B38B401-F57C-9432-74FE-11BA05EE0375}.Release|Any CPU.Build.0 = Release|Any CPU
		{91F1CBD5-8346-0908-3185-129F732F2297}.Debug|Any CPU.ActiveCfg = Debug|Any CPU
		{91F1CBD5-8346-0908-3185-129F732F2297}.Debug|Any CPU.Build.0 = Debug|Any CPU
		{91F1CBD5-8346-0908-3185-129F732F2297}.Release|Any CPU.ActiveCfg = Release|Any CPU
		{91F1CBD5-8346-0908-3185-129F732F2297}.Release|Any CPU.Build.0 = Release|Any CPU
		{0A9F65B3-AB87-93AE-035E-021E25A41242}.Debug|Any CPU.ActiveCfg = Debug|Any CPU
		{0A9F65B3-AB87-93AE-035E-021E25A41242}.Debug|Any CPU.Build.0 = Debug|Any CPU
		{0A9F65B3-AB87-93AE-035E-021E25A41242}.Release|Any CPU.ActiveCfg = Release|Any CPU
		{0A9F65B3-AB87-93AE-035E-021E25A41242}.Release|Any CPU.Build.0 = Release|Any CPU
		{9201B53D-B1FA-A396-ABF4-9DA703943E0D}.Debug|Any CPU.ActiveCfg = Debug|Any CPU
		{9201B53D-B1FA-A396-ABF4-9DA703943E0D}.Debug|Any CPU.Build.0 = Debug|Any CPU
		{9201B53D-B1FA-A396-ABF4-9DA703943E0D}.Release|Any CPU.ActiveCfg = Release|Any CPU
		{9201B53D-B1FA-A396-ABF4-9DA703943E0D}.Release|Any CPU.Build.0 = Release|Any CPU
		{A281A481-042E-804E-7563-CA257968C266}.Debug|Any CPU.ActiveCfg = Debug|Any CPU
		{A281A481-042E-804E-7563-CA257968C266}.Debug|Any CPU.Build.0 = Debug|Any CPU
		{A281A481-042E-804E-7563-CA257968C266}.Release|Any CPU.ActiveCfg = Release|Any CPU
		{A281A481-042E-804E-7563-CA257968C266}.Release|Any CPU.Build.0 = Release|Any CPU
		{3A3236FF-57C6-0160-F3EE-905CBD0297B8}.Debug|Any CPU.ActiveCfg = Debug|Any CPU
		{3A3236FF-57C6-0160-F3EE-905CBD0297B8}.Debug|Any CPU.Build.0 = Debug|Any CPU
		{3A3236FF-57C6-0160-F3EE-905CBD0297B8}.Release|Any CPU.ActiveCfg = Release|Any CPU
		{3A3236FF-57C6-0160-F3EE-905CBD0297B8}.Release|Any CPU.Build.0 = Release|Any CPU
		{8E1C4BB8-BE15-7BBA-3751-4265F7BB35D9}.Debug|Any CPU.ActiveCfg = Debug|Any CPU
		{8E1C4BB8-BE15-7BBA-3751-4265F7BB35D9}.Debug|Any CPU.Build.0 = Debug|Any CPU
		{8E1C4BB8-BE15-7BBA-3751-4265F7BB35D9}.Release|Any CPU.ActiveCfg = Release|Any CPU
		{8E1C4BB8-BE15-7BBA-3751-4265F7BB35D9}.Release|Any CPU.Build.0 = Release|Any CPU
		{09F13D66-36F9-2AF1-C6E2-AC0FBC89F69C}.Debug|Any CPU.ActiveCfg = Debug|Any CPU
		{09F13D66-36F9-2AF1-C6E2-AC0FBC89F69C}.Debug|Any CPU.Build.0 = Debug|Any CPU
		{09F13D66-36F9-2AF1-C6E2-AC0FBC89F69C}.Release|Any CPU.ActiveCfg = Release|Any CPU
		{09F13D66-36F9-2AF1-C6E2-AC0FBC89F69C}.Release|Any CPU.Build.0 = Release|Any CPU
		{A536FC92-6799-BE6D-545B-A22A36D0F5D9}.Debug|Any CPU.ActiveCfg = Debug|Any CPU
		{A536FC92-6799-BE6D-545B-A22A36D0F5D9}.Debug|Any CPU.Build.0 = Debug|Any CPU
		{A536FC92-6799-BE6D-545B-A22A36D0F5D9}.Release|Any CPU.ActiveCfg = Release|Any CPU
		{A536FC92-6799-BE6D-545B-A22A36D0F5D9}.Release|Any CPU.Build.0 = Release|Any CPU
		{6F486589-D72A-FB94-C8CC-B3F82221D55E}.Debug|Any CPU.ActiveCfg = Debug|Any CPU
		{6F486589-D72A-FB94-C8CC-B3F82221D55E}.Debug|Any CPU.Build.0 = Debug|Any CPU
		{6F486589-D72A-FB94-C8CC-B3F82221D55E}.Release|Any CPU.ActiveCfg = Release|Any CPU
		{6F486589-D72A-FB94-C8CC-B3F82221D55E}.Release|Any CPU.Build.0 = Release|Any CPU
		{DFEB5A5C-05FC-61B4-FA14-68A2FAEDDA82}.Debug|Any CPU.ActiveCfg = Debug|Any CPU
		{DFEB5A5C-05FC-61B4-FA14-68A2FAEDDA82}.Debug|Any CPU.Build.0 = Debug|Any CPU
		{DFEB5A5C-05FC-61B4-FA14-68A2FAEDDA82}.Release|Any CPU.ActiveCfg = Release|Any CPU
		{DFEB5A5C-05FC-61B4-FA14-68A2FAEDDA82}.Release|Any CPU.Build.0 = Release|Any CPU
		{4F989F3B-3B77-4A7A-83F1-DC54B381AC55}.Debug|Any CPU.ActiveCfg = Debug|Any CPU
		{4F989F3B-3B77-4A7A-83F1-DC54B381AC55}.Debug|Any CPU.Build.0 = Debug|Any CPU
		{4F989F3B-3B77-4A7A-83F1-DC54B381AC55}.Release|Any CPU.ActiveCfg = Release|Any CPU
		{4F989F3B-3B77-4A7A-83F1-DC54B381AC55}.Release|Any CPU.Build.0 = Release|Any CPU
		{B698C4C6-252D-6F6F-34C6-A0ABD88EC8BF}.Debug|Any CPU.ActiveCfg = Debug|Any CPU
		{B698C4C6-252D-6F6F-34C6-A0ABD88EC8BF}.Debug|Any CPU.Build.0 = Debug|Any CPU
		{B698C4C6-252D-6F6F-34C6-A0ABD88EC8BF}.Release|Any CPU.ActiveCfg = Release|Any CPU
		{B698C4C6-252D-6F6F-34C6-A0ABD88EC8BF}.Release|Any CPU.Build.0 = Release|Any CPU
		{26F46991-B5C5-CC90-3EE9-3B2197585A73}.Debug|Any CPU.ActiveCfg = Debug|Any CPU
		{26F46991-B5C5-CC90-3EE9-3B2197585A73}.Debug|Any CPU.Build.0 = Debug|Any CPU
		{26F46991-B5C5-CC90-3EE9-3B2197585A73}.Release|Any CPU.ActiveCfg = Release|Any CPU
		{26F46991-B5C5-CC90-3EE9-3B2197585A73}.Release|Any CPU.Build.0 = Release|Any CPU
		{24BC8AEB-2E33-6AC6-4C1E-7DC8EF40B7B4}.Debug|Any CPU.ActiveCfg = Debug|Any CPU
		{24BC8AEB-2E33-6AC6-4C1E-7DC8EF40B7B4}.Debug|Any CPU.Build.0 = Debug|Any CPU
		{24BC8AEB-2E33-6AC6-4C1E-7DC8EF40B7B4}.Release|Any CPU.ActiveCfg = Release|Any CPU
		{24BC8AEB-2E33-6AC6-4C1E-7DC8EF40B7B4}.Release|Any CPU.Build.0 = Release|Any CPU
		{C3F56DF2-66B8-A0C3-BA76-6F5C767B1DC2}.Debug|Any CPU.ActiveCfg = Debug|Any CPU
		{C3F56DF2-66B8-A0C3-BA76-6F5C767B1DC2}.Debug|Any CPU.Build.0 = Debug|Any CPU
		{C3F56DF2-66B8-A0C3-BA76-6F5C767B1DC2}.Release|Any CPU.ActiveCfg = Release|Any CPU
		{C3F56DF2-66B8-A0C3-BA76-6F5C767B1DC2}.Release|Any CPU.Build.0 = Release|Any CPU
		{E0CC325F-136F-2598-31F2-C858D8F18064}.Debug|Any CPU.ActiveCfg = Debug|Any CPU
		{E0CC325F-136F-2598-31F2-C858D8F18064}.Debug|Any CPU.Build.0 = Debug|Any CPU
		{E0CC325F-136F-2598-31F2-C858D8F18064}.Release|Any CPU.ActiveCfg = Release|Any CPU
		{E0CC325F-136F-2598-31F2-C858D8F18064}.Release|Any CPU.Build.0 = Release|Any CPU
		{C241457F-3861-ADB2-61DF-610EA74A9242}.Debug|Any CPU.ActiveCfg = Debug|Any CPU
		{C241457F-3861-ADB2-61DF-610EA74A9242}.Debug|Any CPU.Build.0 = Debug|Any CPU
		{C241457F-3861-ADB2-61DF-610EA74A9242}.Release|Any CPU.ActiveCfg = Release|Any CPU
		{C241457F-3861-ADB2-61DF-610EA74A9242}.Release|Any CPU.Build.0 = Release|Any CPU
		{C11CC01F-21A2-442C-233F-F978DB31BB9F}.Debug|Any CPU.ActiveCfg = Debug|Any CPU
		{C11CC01F-21A2-442C-233F-F978DB31BB9F}.Debug|Any CPU.Build.0 = Debug|Any CPU
		{C11CC01F-21A2-442C-233F-F978DB31BB9F}.Release|Any CPU.ActiveCfg = Release|Any CPU
		{C11CC01F-21A2-442C-233F-F978DB31BB9F}.Release|Any CPU.Build.0 = Release|Any CPU
		{99DBF20A-72A4-395D-FF16-683510CF3590}.Debug|Any CPU.ActiveCfg = Debug|Any CPU
		{99DBF20A-72A4-395D-FF16-683510CF3590}.Debug|Any CPU.Build.0 = Debug|Any CPU
		{99DBF20A-72A4-395D-FF16-683510CF3590}.Release|Any CPU.ActiveCfg = Release|Any CPU
		{99DBF20A-72A4-395D-FF16-683510CF3590}.Release|Any CPU.Build.0 = Release|Any CPU
		{7C32BD4A-FE88-9B4A-289E-6D07C6767A06}.Debug|Any CPU.ActiveCfg = Debug|Any CPU
		{7C32BD4A-FE88-9B4A-289E-6D07C6767A06}.Debug|Any CPU.Build.0 = Debug|Any CPU
		{7C32BD4A-FE88-9B4A-289E-6D07C6767A06}.Release|Any CPU.ActiveCfg = Release|Any CPU
		{7C32BD4A-FE88-9B4A-289E-6D07C6767A06}.Release|Any CPU.Build.0 = Release|Any CPU
		{475C3258-1F8C-FF36-9E5B-6E23D6C0E553}.Debug|Any CPU.ActiveCfg = Debug|Any CPU
		{475C3258-1F8C-FF36-9E5B-6E23D6C0E553}.Debug|Any CPU.Build.0 = Debug|Any CPU
		{475C3258-1F8C-FF36-9E5B-6E23D6C0E553}.Release|Any CPU.ActiveCfg = Release|Any CPU
		{475C3258-1F8C-FF36-9E5B-6E23D6C0E553}.Release|Any CPU.Build.0 = Release|Any CPU
		{7054123F-C8F9-B61D-CDAC-742911475B19}.Debug|Any CPU.ActiveCfg = Debug|Any CPU
		{7054123F-C8F9-B61D-CDAC-742911475B19}.Debug|Any CPU.Build.0 = Debug|Any CPU
		{7054123F-C8F9-B61D-CDAC-742911475B19}.Release|Any CPU.ActiveCfg = Release|Any CPU
		{7054123F-C8F9-B61D-CDAC-742911475B19}.Release|Any CPU.Build.0 = Release|Any CPU
		{ED6C1995-0AFB-5607-E64D-46B7501222A7}.Debug|Any CPU.ActiveCfg = Debug|Any CPU
		{ED6C1995-0AFB-5607-E64D-46B7501222A7}.Debug|Any CPU.Build.0 = Debug|Any CPU
		{ED6C1995-0AFB-5607-E64D-46B7501222A7}.Release|Any CPU.ActiveCfg = Release|Any CPU
		{ED6C1995-0AFB-5607-E64D-46B7501222A7}.Release|Any CPU.Build.0 = Release|Any CPU
		{76867DF5-E6C1-36C5-5535-061A5FF983D8}.Debug|Any CPU.ActiveCfg = Debug|Any CPU
		{76867DF5-E6C1-36C5-5535-061A5FF983D8}.Debug|Any CPU.Build.0 = Debug|Any CPU
		{76867DF5-E6C1-36C5-5535-061A5FF983D8}.Release|Any CPU.ActiveCfg = Release|Any CPU
		{76867DF5-E6C1-36C5-5535-061A5FF983D8}.Release|Any CPU.Build.0 = Release|Any CPU
		{97A6A857-8F3E-F0EB-D161-A5348ED7295C}.Debug|Any CPU.ActiveCfg = Debug|Any CPU
		{97A6A857-8F3E-F0EB-D161-A5348ED7295C}.Debug|Any CPU.Build.0 = Debug|Any CPU
		{97A6A857-8F3E-F0EB-D161-A5348ED7295C}.Release|Any CPU.ActiveCfg = Release|Any CPU
		{97A6A857-8F3E-F0EB-D161-A5348ED7295C}.Release|Any CPU.Build.0 = Release|Any CPU
		{B0965DA4-DE79-D0CE-D01E-47785036EB0D}.Debug|Any CPU.ActiveCfg = Debug|Any CPU
		{B0965DA4-DE79-D0CE-D01E-47785036EB0D}.Debug|Any CPU.Build.0 = Debug|Any CPU
		{B0965DA4-DE79-D0CE-D01E-47785036EB0D}.Release|Any CPU.ActiveCfg = Release|Any CPU
		{B0965DA4-DE79-D0CE-D01E-47785036EB0D}.Release|Any CPU.Build.0 = Release|Any CPU
		{13A2C09C-99FC-61B9-0E90-2058D365FEEB}.Debug|Any CPU.ActiveCfg = Debug|Any CPU
		{13A2C09C-99FC-61B9-0E90-2058D365FEEB}.Debug|Any CPU.Build.0 = Debug|Any CPU
		{13A2C09C-99FC-61B9-0E90-2058D365FEEB}.Release|Any CPU.ActiveCfg = Release|Any CPU
		{13A2C09C-99FC-61B9-0E90-2058D365FEEB}.Release|Any CPU.Build.0 = Release|Any CPU
		{6F2E3D37-A742-BBB3-D54D-8D61BE727E1C}.Debug|Any CPU.ActiveCfg = Debug|Any CPU
		{6F2E3D37-A742-BBB3-D54D-8D61BE727E1C}.Debug|Any CPU.Build.0 = Debug|Any CPU
		{6F2E3D37-A742-BBB3-D54D-8D61BE727E1C}.Release|Any CPU.ActiveCfg = Release|Any CPU
		{6F2E3D37-A742-BBB3-D54D-8D61BE727E1C}.Release|Any CPU.Build.0 = Release|Any CPU
		{88EE2973-9716-37D3-6826-246F5320B5A9}.Debug|Any CPU.ActiveCfg = Debug|Any CPU
		{88EE2973-9716-37D3-6826-246F5320B5A9}.Debug|Any CPU.Build.0 = Debug|Any CPU
		{88EE2973-9716-37D3-6826-246F5320B5A9}.Release|Any CPU.ActiveCfg = Release|Any CPU
		{88EE2973-9716-37D3-6826-246F5320B5A9}.Release|Any CPU.Build.0 = Release|Any CPU
		{473D04BB-307F-771A-DC70-F0AE8AE2B9F8}.Debug|Any CPU.ActiveCfg = Debug|Any CPU
		{473D04BB-307F-771A-DC70-F0AE8AE2B9F8}.Debug|Any CPU.Build.0 = Debug|Any CPU
		{473D04BB-307F-771A-DC70-F0AE8AE2B9F8}.Release|Any CPU.ActiveCfg = Release|Any CPU
		{473D04BB-307F-771A-DC70-F0AE8AE2B9F8}.Release|Any CPU.Build.0 = Release|Any CPU
		{F5C9AAD5-5902-7F4F-EC0E-2C8F5BE36BC5}.Debug|Any CPU.ActiveCfg = Debug|Any CPU
		{F5C9AAD5-5902-7F4F-EC0E-2C8F5BE36BC5}.Debug|Any CPU.Build.0 = Debug|Any CPU
		{F5C9AAD5-5902-7F4F-EC0E-2C8F5BE36BC5}.Release|Any CPU.ActiveCfg = Release|Any CPU
		{F5C9AAD5-5902-7F4F-EC0E-2C8F5BE36BC5}.Release|Any CPU.Build.0 = Release|Any CPU
		{BEF8B997-B854-254C-26B0-92FB8476828A}.Debug|Any CPU.ActiveCfg = Debug|Any CPU
		{BEF8B997-B854-254C-26B0-92FB8476828A}.Debug|Any CPU.Build.0 = Debug|Any CPU
		{BEF8B997-B854-254C-26B0-92FB8476828A}.Release|Any CPU.ActiveCfg = Release|Any CPU
		{BEF8B997-B854-254C-26B0-92FB8476828A}.Release|Any CPU.Build.0 = Release|Any CPU
		{21598CA8-463E-D543-FECD-926831C930F9}.Debug|Any CPU.ActiveCfg = Debug|Any CPU
		{21598CA8-463E-D543-FECD-926831C930F9}.Debug|Any CPU.Build.0 = Debug|Any CPU
		{21598CA8-463E-D543-FECD-926831C930F9}.Release|Any CPU.ActiveCfg = Release|Any CPU
		{21598CA8-463E-D543-FECD-926831C930F9}.Release|Any CPU.Build.0 = Release|Any CPU
		{3887A341-C42A-D7F0-0653-7CD0E4FD6614}.Debug|Any CPU.ActiveCfg = Debug|Any CPU
		{3887A341-C42A-D7F0-0653-7CD0E4FD6614}.Debug|Any CPU.Build.0 = Debug|Any CPU
		{3887A341-C42A-D7F0-0653-7CD0E4FD6614}.Release|Any CPU.ActiveCfg = Release|Any CPU
		{3887A341-C42A-D7F0-0653-7CD0E4FD6614}.Release|Any CPU.Build.0 = Release|Any CPU
		{FF2847C3-A8FC-A8ED-9BFA-688FB7011A79}.Debug|Any CPU.ActiveCfg = Debug|Any CPU
		{FF2847C3-A8FC-A8ED-9BFA-688FB7011A79}.Debug|Any CPU.Build.0 = Debug|Any CPU
		{FF2847C3-A8FC-A8ED-9BFA-688FB7011A79}.Release|Any CPU.ActiveCfg = Release|Any CPU
		{FF2847C3-A8FC-A8ED-9BFA-688FB7011A79}.Release|Any CPU.Build.0 = Release|Any CPU
		{7C1B0AD4-659E-228B-A294-474D35479B7C}.Debug|Any CPU.ActiveCfg = Debug|Any CPU
		{7C1B0AD4-659E-228B-A294-474D35479B7C}.Debug|Any CPU.Build.0 = Debug|Any CPU
		{7C1B0AD4-659E-228B-A294-474D35479B7C}.Release|Any CPU.ActiveCfg = Release|Any CPU
		{7C1B0AD4-659E-228B-A294-474D35479B7C}.Release|Any CPU.Build.0 = Release|Any CPU
		{C408C76C-0E49-A686-83E6-E92E9685AC80}.Debug|Any CPU.ActiveCfg = Debug|Any CPU
		{C408C76C-0E49-A686-83E6-E92E9685AC80}.Debug|Any CPU.Build.0 = Debug|Any CPU
		{C408C76C-0E49-A686-83E6-E92E9685AC80}.Release|Any CPU.ActiveCfg = Release|Any CPU
		{C408C76C-0E49-A686-83E6-E92E9685AC80}.Release|Any CPU.Build.0 = Release|Any CPU
		{7ED36D8B-59F0-989C-3B49-D03189948DC9}.Debug|Any CPU.ActiveCfg = Debug|Any CPU
		{7ED36D8B-59F0-989C-3B49-D03189948DC9}.Debug|Any CPU.Build.0 = Debug|Any CPU
		{7ED36D8B-59F0-989C-3B49-D03189948DC9}.Release|Any CPU.ActiveCfg = Release|Any CPU
		{7ED36D8B-59F0-989C-3B49-D03189948DC9}.Release|Any CPU.Build.0 = Release|Any CPU
		{62806DF3-8DC4-979F-2EBF-9CFFEB8B823F}.Debug|Any CPU.ActiveCfg = Debug|Any CPU
		{62806DF3-8DC4-979F-2EBF-9CFFEB8B823F}.Debug|Any CPU.Build.0 = Debug|Any CPU
		{62806DF3-8DC4-979F-2EBF-9CFFEB8B823F}.Release|Any CPU.ActiveCfg = Release|Any CPU
		{62806DF3-8DC4-979F-2EBF-9CFFEB8B823F}.Release|Any CPU.Build.0 = Release|Any CPU
		{11B97174-DCE0-0759-359C-60CD3F645F03}.Debug|Any CPU.ActiveCfg = Debug|Any CPU
		{11B97174-DCE0-0759-359C-60CD3F645F03}.Debug|Any CPU.Build.0 = Debug|Any CPU
		{11B97174-DCE0-0759-359C-60CD3F645F03}.Release|Any CPU.ActiveCfg = Release|Any CPU
		{11B97174-DCE0-0759-359C-60CD3F645F03}.Release|Any CPU.Build.0 = Release|Any CPU
		{58E540D1-B469-516D-BCDA-B5E7B2CE6024}.Debug|Any CPU.ActiveCfg = Debug|Any CPU
		{58E540D1-B469-516D-BCDA-B5E7B2CE6024}.Debug|Any CPU.Build.0 = Debug|Any CPU
		{58E540D1-B469-516D-BCDA-B5E7B2CE6024}.Release|Any CPU.ActiveCfg = Release|Any CPU
		{58E540D1-B469-516D-BCDA-B5E7B2CE6024}.Release|Any CPU.Build.0 = Release|Any CPU
		{098330C9-1C0F-082A-8420-D1ADCB70EB96}.Debug|Any CPU.ActiveCfg = Debug|Any CPU
		{098330C9-1C0F-082A-8420-D1ADCB70EB96}.Debug|Any CPU.Build.0 = Debug|Any CPU
		{098330C9-1C0F-082A-8420-D1ADCB70EB96}.Release|Any CPU.ActiveCfg = Release|Any CPU
		{098330C9-1C0F-082A-8420-D1ADCB70EB96}.Release|Any CPU.Build.0 = Release|Any CPU
		{EF98C002-0251-7CA5-78F4-FF2157FEB589}.Debug|Any CPU.ActiveCfg = Debug|Any CPU
		{EF98C002-0251-7CA5-78F4-FF2157FEB589}.Debug|Any CPU.Build.0 = Debug|Any CPU
		{EF98C002-0251-7CA5-78F4-FF2157FEB589}.Release|Any CPU.ActiveCfg = Release|Any CPU
		{EF98C002-0251-7CA5-78F4-FF2157FEB589}.Release|Any CPU.Build.0 = Release|Any CPU
		{D9F60211-9439-CE92-CBAD-966626F6C863}.Debug|Any CPU.ActiveCfg = Debug|Any CPU
		{D9F60211-9439-CE92-CBAD-966626F6C863}.Debug|Any CPU.Build.0 = Debug|Any CPU
		{D9F60211-9439-CE92-CBAD-966626F6C863}.Release|Any CPU.ActiveCfg = Release|Any CPU
		{D9F60211-9439-CE92-CBAD-966626F6C863}.Release|Any CPU.Build.0 = Release|Any CPU
		{E2565544-F6EB-1658-21C2-2A77A6D7AFFC}.Debug|Any CPU.ActiveCfg = Debug|Any CPU
		{E2565544-F6EB-1658-21C2-2A77A6D7AFFC}.Debug|Any CPU.Build.0 = Debug|Any CPU
		{E2565544-F6EB-1658-21C2-2A77A6D7AFFC}.Release|Any CPU.ActiveCfg = Release|Any CPU
		{E2565544-F6EB-1658-21C2-2A77A6D7AFFC}.Release|Any CPU.Build.0 = Release|Any CPU
	EndGlobalSection
	GlobalSection(SolutionProperties) = preSolution
		HideSolutionNode = FALSE
	EndGlobalSection
EndGlobal
